// !$*UTF8*$!
{
	archiveVersion = 1;
	classes = {
	};
	objectVersion = 50;
	objects = {

/* Begin PBXBuildFile section */
		D5232C7C2479EFF900236FFD /* AppDelegate.swift in Sources */ = {isa = PBXBuildFile; fileRef = D5232C7B2479EFF900236FFD /* AppDelegate.swift */; };
		D5232C7E2479EFF900236FFD /* SceneDelegate.swift in Sources */ = {isa = PBXBuildFile; fileRef = D5232C7D2479EFF900236FFD /* SceneDelegate.swift */; };
		D5232C802479EFF900236FFD /* ViewController.swift in Sources */ = {isa = PBXBuildFile; fileRef = D5232C7F2479EFF900236FFD /* ViewController.swift */; };
		D5232C832479EFF900236FFD /* Main.storyboard in Resources */ = {isa = PBXBuildFile; fileRef = D5232C812479EFF900236FFD /* Main.storyboard */; };
		D5232C852479EFFA00236FFD /* Assets.xcassets in Resources */ = {isa = PBXBuildFile; fileRef = D5232C842479EFFA00236FFD /* Assets.xcassets */; };
		D5232C882479EFFA00236FFD /* LaunchScreen.storyboard in Resources */ = {isa = PBXBuildFile; fileRef = D5232C862479EFFA00236FFD /* LaunchScreen.storyboard */; };
		D5232C912479F04600236FFD /* Model.swift in Sources */ = {isa = PBXBuildFile; fileRef = D5232C902479F04600236FFD /* Model.swift */; };
		D5232C932479FA7F00236FFD /* Timeline.plist in Resources */ = {isa = PBXBuildFile; fileRef = D5232C922479FA7F00236FFD /* Timeline.plist */; };
		D5232C952479FB7300236FFD /* ModelController.swift in Sources */ = {isa = PBXBuildFile; fileRef = D5232C942479FB7300236FFD /* ModelController.swift */; };
		D5232C972479FEE100236FFD /* TimelineCell.swift in Sources */ = {isa = PBXBuildFile; fileRef = D5232C962479FEE100236FFD /* TimelineCell.swift */; };
/* End PBXBuildFile section */

/* Begin PBXFileReference section */
		D5232C782479EFF900236FFD /* Timeline.app */ = {isa = PBXFileReference; explicitFileType = wrapper.application; includeInIndex = 0; path = Timeline.app; sourceTree = BUILT_PRODUCTS_DIR; };
		D5232C7B2479EFF900236FFD /* AppDelegate.swift */ = {isa = PBXFileReference; lastKnownFileType = sourcecode.swift; path = AppDelegate.swift; sourceTree = "<group>"; };
		D5232C7D2479EFF900236FFD /* SceneDelegate.swift */ = {isa = PBXFileReference; lastKnownFileType = sourcecode.swift; path = SceneDelegate.swift; sourceTree = "<group>"; };
		D5232C7F2479EFF900236FFD /* ViewController.swift */ = {isa = PBXFileReference; lastKnownFileType = sourcecode.swift; path = ViewController.swift; sourceTree = "<group>"; };
		D5232C822479EFF900236FFD /* Base */ = {isa = PBXFileReference; lastKnownFileType = file.storyboard; name = Base; path = Base.lproj/Main.storyboard; sourceTree = "<group>"; };
		D5232C842479EFFA00236FFD /* Assets.xcassets */ = {isa = PBXFileReference; lastKnownFileType = folder.assetcatalog; path = Assets.xcassets; sourceTree = "<group>"; };
		D5232C872479EFFA00236FFD /* Base */ = {isa = PBXFileReference; lastKnownFileType = file.storyboard; name = Base; path = Base.lproj/LaunchScreen.storyboard; sourceTree = "<group>"; };
		D5232C892479EFFA00236FFD /* Info.plist */ = {isa = PBXFileReference; lastKnownFileType = text.plist.xml; path = Info.plist; sourceTree = "<group>"; };
		D5232C8F2479F01600236FFD /* Timeline.entitlements */ = {isa = PBXFileReference; lastKnownFileType = text.plist.entitlements; path = Timeline.entitlements; sourceTree = "<group>"; };
		D5232C902479F04600236FFD /* Model.swift */ = {isa = PBXFileReference; lastKnownFileType = sourcecode.swift; path = Model.swift; sourceTree = "<group>"; };
		D5232C922479FA7F00236FFD /* Timeline.plist */ = {isa = PBXFileReference; fileEncoding = 4; lastKnownFileType = text.plist.xml; name = Timeline.plist; path = "../../Swift Standard Library.playground/Resources/Timeline.plist"; sourceTree = "<group>"; };
		D5232C942479FB7300236FFD /* ModelController.swift */ = {isa = PBXFileReference; lastKnownFileType = sourcecode.swift; path = ModelController.swift; sourceTree = "<group>"; };
		D5232C962479FEE100236FFD /* TimelineCell.swift */ = {isa = PBXFileReference; lastKnownFileType = sourcecode.swift; path = TimelineCell.swift; sourceTree = "<group>"; };
/* End PBXFileReference section */

/* Begin PBXFrameworksBuildPhase section */
		D5232C752479EFF900236FFD /* Frameworks */ = {
			isa = PBXFrameworksBuildPhase;
			buildActionMask = 2147483647;
			files = (
			);
			runOnlyForDeploymentPostprocessing = 0;
		};
/* End PBXFrameworksBuildPhase section */

/* Begin PBXGroup section */
		D5232C6F2479EFF900236FFD = {
			isa = PBXGroup;
			children = (
				D5232C7A2479EFF900236FFD /* Timeline */,
				D5232C792479EFF900236FFD /* Products */,
			);
			sourceTree = "<group>";
		};
		D5232C792479EFF900236FFD /* Products */ = {
			isa = PBXGroup;
			children = (
				D5232C782479EFF900236FFD /* Timeline.app */,
			);
			name = Products;
			sourceTree = "<group>";
		};
		D5232C7A2479EFF900236FFD /* Timeline */ = {
			isa = PBXGroup;
			children = (
				D5232C902479F04600236FFD /* Model.swift */,
				D5232C942479FB7300236FFD /* ModelController.swift */,
				D5232C8F2479F01600236FFD /* Timeline.entitlements */,
				D5232C7B2479EFF900236FFD /* AppDelegate.swift */,
				D5232C7D2479EFF900236FFD /* SceneDelegate.swift */,
				D5232C962479FEE100236FFD /* TimelineCell.swift */,
				D5232C7F2479EFF900236FFD /* ViewController.swift */,
				D5232C812479EFF900236FFD /* Main.storyboard */,
				D5232C842479EFFA00236FFD /* Assets.xcassets */,
				D5232C922479FA7F00236FFD /* Timeline.plist */,
				D5232C862479EFFA00236FFD /* LaunchScreen.storyboard */,
				D5232C892479EFFA00236FFD /* Info.plist */,
			);
			path = Timeline;
			sourceTree = "<group>";
		};
/* End PBXGroup section */

/* Begin PBXNativeTarget section */
		D5232C772479EFF900236FFD /* Timeline */ = {
			isa = PBXNativeTarget;
			buildConfigurationList = D5232C8C2479EFFA00236FFD /* Build configuration list for PBXNativeTarget "Timeline" */;
			buildPhases = (
				D5232C742479EFF900236FFD /* Sources */,
				D5232C752479EFF900236FFD /* Frameworks */,
				D5232C762479EFF900236FFD /* Resources */,
			);
			buildRules = (
			);
			dependencies = (
			);
			name = Timeline;
			productName = Timeline;
			productReference = D5232C782479EFF900236FFD /* Timeline.app */;
			productType = "com.apple.product-type.application";
		};
/* End PBXNativeTarget section */

/* Begin PBXProject section */
		D5232C702479EFF900236FFD /* Project object */ = {
			isa = PBXProject;
			attributes = {
				LastSwiftUpdateCheck = 1140;
				LastUpgradeCheck = 1140;
				ORGANIZATIONNAME = "Paul Ossenbruggen";
				TargetAttributes = {
					D5232C772479EFF900236FFD = {
						CreatedOnToolsVersion = 11.4;
					};
				};
			};
			buildConfigurationList = D5232C732479EFF900236FFD /* Build configuration list for PBXProject "Timeline" */;
			compatibilityVersion = "Xcode 9.3";
			developmentRegion = en;
			hasScannedForEncodings = 0;
			knownRegions = (
				en,
				Base,
			);
			mainGroup = D5232C6F2479EFF900236FFD;
			productRefGroup = D5232C792479EFF900236FFD /* Products */;
			projectDirPath = "";
			projectRoot = "";
			targets = (
				D5232C772479EFF900236FFD /* Timeline */,
			);
		};
/* End PBXProject section */

/* Begin PBXResourcesBuildPhase section */
		D5232C762479EFF900236FFD /* Resources */ = {
			isa = PBXResourcesBuildPhase;
			buildActionMask = 2147483647;
			files = (
				D5232C882479EFFA00236FFD /* LaunchScreen.storyboard in Resources */,
				D5232C852479EFFA00236FFD /* Assets.xcassets in Resources */,
				D5232C832479EFF900236FFD /* Main.storyboard in Resources */,
				D5232C932479FA7F00236FFD /* Timeline.plist in Resources */,
			);
			runOnlyForDeploymentPostprocessing = 0;
		};
/* End PBXResourcesBuildPhase section */

/* Begin PBXSourcesBuildPhase section */
		D5232C742479EFF900236FFD /* Sources */ = {
			isa = PBXSourcesBuildPhase;
			buildActionMask = 2147483647;
			files = (
				D5232C972479FEE100236FFD /* TimelineCell.swift in Sources */,
				D5232C802479EFF900236FFD /* ViewController.swift in Sources */,
				D5232C952479FB7300236FFD /* ModelController.swift in Sources */,
				D5232C7C2479EFF900236FFD /* AppDelegate.swift in Sources */,
				D5232C7E2479EFF900236FFD /* SceneDelegate.swift in Sources */,
				D5232C912479F04600236FFD /* Model.swift in Sources */,
			);
			runOnlyForDeploymentPostprocessing = 0;
		};
/* End PBXSourcesBuildPhase section */

/* Begin PBXVariantGroup section */
		D5232C812479EFF900236FFD /* Main.storyboard */ = {
			isa = PBXVariantGroup;
			children = (
				D5232C822479EFF900236FFD /* Base */,
			);
			name = Main.storyboard;
			sourceTree = "<group>";
		};
		D5232C862479EFFA00236FFD /* LaunchScreen.storyboard */ = {
			isa = PBXVariantGroup;
			children = (
				D5232C872479EFFA00236FFD /* Base */,
			);
			name = LaunchScreen.storyboard;
			sourceTree = "<group>";
		};
/* End PBXVariantGroup section */

/* Begin XCBuildConfiguration section */
		D5232C8A2479EFFA00236FFD /* Debug */ = {
			isa = XCBuildConfiguration;
			buildSettings = {
				ALWAYS_SEARCH_USER_PATHS = NO;
				CLANG_ANALYZER_NONNULL = YES;
				CLANG_ANALYZER_NUMBER_OBJECT_CONVERSION = YES_AGGRESSIVE;
				CLANG_CXX_LANGUAGE_STANDARD = "gnu++14";
				CLANG_CXX_LIBRARY = "libc++";
				CLANG_ENABLE_MODULES = YES;
				CLANG_ENABLE_OBJC_ARC = YES;
				CLANG_ENABLE_OBJC_WEAK = YES;
				CLANG_WARN_BLOCK_CAPTURE_AUTORELEASING = YES;
				CLANG_WARN_BOOL_CONVERSION = YES;
				CLANG_WARN_COMMA = YES;
				CLANG_WARN_CONSTANT_CONVERSION = YES;
				CLANG_WARN_DEPRECATED_OBJC_IMPLEMENTATIONS = YES;
				CLANG_WARN_DIRECT_OBJC_ISA_USAGE = YES_ERROR;
				CLANG_WARN_DOCUMENTATION_COMMENTS = YES;
				CLANG_WARN_EMPTY_BODY = YES;
				CLANG_WARN_ENUM_CONVERSION = YES;
				CLANG_WARN_INFINITE_RECURSION = YES;
				CLANG_WARN_INT_CONVERSION = YES;
				CLANG_WARN_NON_LITERAL_NULL_CONVERSION = YES;
				CLANG_WARN_OBJC_IMPLICIT_RETAIN_SELF = YES;
				CLANG_WARN_OBJC_LITERAL_CONVERSION = YES;
				CLANG_WARN_OBJC_ROOT_CLASS = YES_ERROR;
				CLANG_WARN_RANGE_LOOP_ANALYSIS = YES;
				CLANG_WARN_STRICT_PROTOTYPES = YES;
				CLANG_WARN_SUSPICIOUS_MOVE = YES;
				CLANG_WARN_UNGUARDED_AVAILABILITY = YES_AGGRESSIVE;
				CLANG_WARN_UNREACHABLE_CODE = YES;
				CLANG_WARN__DUPLICATE_METHOD_MATCH = YES;
				COPY_PHASE_STRIP = NO;
				DEBUG_INFORMATION_FORMAT = dwarf;
				ENABLE_STRICT_OBJC_MSGSEND = YES;
				ENABLE_TESTABILITY = YES;
				GCC_C_LANGUAGE_STANDARD = gnu11;
				GCC_DYNAMIC_NO_PIC = NO;
				GCC_NO_COMMON_BLOCKS = YES;
				GCC_OPTIMIZATION_LEVEL = 0;
				GCC_PREPROCESSOR_DEFINITIONS = (
					"DEBUG=1",
					"$(inherited)",
				);
				GCC_WARN_64_TO_32_BIT_CONVERSION = YES;
				GCC_WARN_ABOUT_RETURN_TYPE = YES_ERROR;
				GCC_WARN_UNDECLARED_SELECTOR = YES;
				GCC_WARN_UNINITIALIZED_AUTOS = YES_AGGRESSIVE;
				GCC_WARN_UNUSED_FUNCTION = YES;
				GCC_WARN_UNUSED_VARIABLE = YES;
				IPHONEOS_DEPLOYMENT_TARGET = 13.4;
				MTL_ENABLE_DEBUG_INFO = INCLUDE_SOURCE;
				MTL_FAST_MATH = YES;
				ONLY_ACTIVE_ARCH = YES;
				SDKROOT = iphoneos;
				SWIFT_ACTIVE_COMPILATION_CONDITIONS = DEBUG;
				SWIFT_OPTIMIZATION_LEVEL = "-Onone";
			};
			name = Debug;
		};
		D5232C8B2479EFFA00236FFD /* Release */ = {
			isa = XCBuildConfiguration;
			buildSettings = {
				ALWAYS_SEARCH_USER_PATHS = NO;
				CLANG_ANALYZER_NONNULL = YES;
				CLANG_ANALYZER_NUMBER_OBJECT_CONVERSION = YES_AGGRESSIVE;
				CLANG_CXX_LANGUAGE_STANDARD = "gnu++14";
				CLANG_CXX_LIBRARY = "libc++";
				CLANG_ENABLE_MODULES = YES;
				CLANG_ENABLE_OBJC_ARC = YES;
				CLANG_ENABLE_OBJC_WEAK = YES;
				CLANG_WARN_BLOCK_CAPTURE_AUTORELEASING = YES;
				CLANG_WARN_BOOL_CONVERSION = YES;
				CLANG_WARN_COMMA = YES;
				CLANG_WARN_CONSTANT_CONVERSION = YES;
				CLANG_WARN_DEPRECATED_OBJC_IMPLEMENTATIONS = YES;
				CLANG_WARN_DIRECT_OBJC_ISA_USAGE = YES_ERROR;
				CLANG_WARN_DOCUMENTATION_COMMENTS = YES;
				CLANG_WARN_EMPTY_BODY = YES;
				CLANG_WARN_ENUM_CONVERSION = YES;
				CLANG_WARN_INFINITE_RECURSION = YES;
				CLANG_WARN_INT_CONVERSION = YES;
				CLANG_WARN_NON_LITERAL_NULL_CONVERSION = YES;
				CLANG_WARN_OBJC_IMPLICIT_RETAIN_SELF = YES;
				CLANG_WARN_OBJC_LITERAL_CONVERSION = YES;
				CLANG_WARN_OBJC_ROOT_CLASS = YES_ERROR;
				CLANG_WARN_RANGE_LOOP_ANALYSIS = YES;
				CLANG_WARN_STRICT_PROTOTYPES = YES;
				CLANG_WARN_SUSPICIOUS_MOVE = YES;
				CLANG_WARN_UNGUARDED_AVAILABILITY = YES_AGGRESSIVE;
				CLANG_WARN_UNREACHABLE_CODE = YES;
				CLANG_WARN__DUPLICATE_METHOD_MATCH = YES;
				COPY_PHASE_STRIP = NO;
				DEBUG_INFORMATION_FORMAT = "dwarf-with-dsym";
				ENABLE_NS_ASSERTIONS = NO;
				ENABLE_STRICT_OBJC_MSGSEND = YES;
				GCC_C_LANGUAGE_STANDARD = gnu11;
				GCC_NO_COMMON_BLOCKS = YES;
				GCC_WARN_64_TO_32_BIT_CONVERSION = YES;
				GCC_WARN_ABOUT_RETURN_TYPE = YES_ERROR;
				GCC_WARN_UNDECLARED_SELECTOR = YES;
				GCC_WARN_UNINITIALIZED_AUTOS = YES_AGGRESSIVE;
				GCC_WARN_UNUSED_FUNCTION = YES;
				GCC_WARN_UNUSED_VARIABLE = YES;
				IPHONEOS_DEPLOYMENT_TARGET = 13.4;
				MTL_ENABLE_DEBUG_INFO = NO;
				MTL_FAST_MATH = YES;
				SDKROOT = iphoneos;
				SWIFT_COMPILATION_MODE = wholemodule;
				SWIFT_OPTIMIZATION_LEVEL = "-O";
				VALIDATE_PRODUCT = YES;
			};
			name = Release;
		};
		D5232C8D2479EFFA00236FFD /* Debug */ = {
			isa = XCBuildConfiguration;
			buildSettings = {
				ASSETCATALOG_COMPILER_APPICON_NAME = AppIcon;
				CODE_SIGN_ENTITLEMENTS = Timeline/Timeline.entitlements;
				CODE_SIGN_STYLE = Automatic;
				DEVELOPMENT_TEAM = UVHFXZWG47;
				INFOPLIST_FILE = Timeline/Info.plist;
				LD_RUNPATH_SEARCH_PATHS = (
					"$(inherited)",
					"@executable_path/Frameworks",
				);
				PRODUCT_BUNDLE_IDENTIFIER = com.synthus.Timeline;
				PRODUCT_NAME = "$(TARGET_NAME)";
				SUPPORTS_MACCATALYST = YES;
				SWIFT_VERSION = 5.0;
				TARGETED_DEVICE_FAMILY = "1,2";
			};
			name = Debug;
		};
		D5232C8E2479EFFA00236FFD /* Release */ = {
			isa = XCBuildConfiguration;
			buildSettings = {
				ASSETCATALOG_COMPILER_APPICON_NAME = AppIcon;
				CODE_SIGN_ENTITLEMENTS = Timeline/Timeline.entitlements;
				CODE_SIGN_STYLE = Automatic;
				DEVELOPMENT_TEAM = UVHFXZWG47;
				INFOPLIST_FILE = Timeline/Info.plist;
				LD_RUNPATH_SEARCH_PATHS = (
					"$(inherited)",
					"@executable_path/Frameworks",
				);
				PRODUCT_BUNDLE_IDENTIFIER = com.synthus.Timeline;
				PRODUCT_NAME = "$(TARGET_NAME)";
				SUPPORTS_MACCATALYST = YES;
				SWIFT_VERSION = 5.0;
				TARGETED_DEVICE_FAMILY = "1,2";
			};
			name = Release;
		};
/* End XCBuildConfiguration section */

/* Begin XCConfigurationList section */
		D5232C732479EFF900236FFD /* Build configuration list for PBXProject "Timeline" */ = {
			isa = XCConfigurationList;
			buildConfigurations = (
				D5232C8A2479EFFA00236FFD /* Debug */,
				D5232C8B2479EFFA00236FFD /* Release */,
			);
			defaultConfigurationIsVisible = 0;
			defaultConfigurationName = Release;
		};
		D5232C8C2479EFFA00236FFD /* Build configuration list for PBXNativeTarget "Timeline" */ = {
			isa = XCConfigurationList;
			buildConfigurations = (
				D5232C8D2479EFFA00236FFD /* Debug */,
				D5232C8E2479EFFA00236FFD /* Release */,
			);
			defaultConfigurationIsVisible = 0;
			defaultConfigurationName = Release;
		};
/* End XCConfigurationList section */
	};
	rootObject = D5232C702479EFF900236FFD /* Project object */;
}
